{
  "version": 4,
  "terraform_version": "1.0.2",
  "serial": 40,
  "lineage": "a7c0f0ff-5ecd-6978-874a-d0a64785d34e",
  "outputs": {
    "alb_dns_name": {
      "value": "tf-lb-20210716182358675800000005-1798534510.us-east-1.elb.amazonaws.com",
      "type": "string"
    },
    "alb_sg_id": {
      "value": "sg-0cff5e4fe352c9c1b",
      "type": "string"
    },
    "ec2_sg_id": {
      "value": "sg-00ce94e2f3229c13e",
      "type": "string"
    },
    "elasticache_sg_id": {
      "value": "sg-01dea56bec0478955",
      "type": "string"
    },
    "private_subnets": {
      "value": [
        "subnet-0679706bd01a2c0c6",
        "subnet-0869b0c8822fca95e"
      ],
      "type": [
        "tuple",
        [
          "string",
          "string"
        ]
      ]
    },
    "public_subnets": {
      "value": [
        "subnet-03d914e2c9a81c5e8",
        "subnet-0173280b2235c1236"
      ],
      "type": [
        "tuple",
        [
          "string",
          "string"
        ]
      ]
    },
    "ssl_domain_name": {
      "value": "self.example.com",
      "type": "string"
    },
    "vpc_id": {
      "value": "vpc-078877759bceb05bd",
      "type": "string"
    }
  },
  "resources": [
    {
      "mode": "data",
      "type": "aws_ami",
      "name": "ubuntu",
      "provider": "provider[\"registry.terraform.io/hashicorp/aws\"]",
      "instances": [
        {
          "schema_version": 0,
          "attributes": {
            "architecture": "x86_64",
            "arn": "arn:aws:ec2:us-east-1::image/ami-0dd76f917833aac4b",
            "block_device_mappings": [
              {
                "device_name": "/dev/sda1",
                "ebs": {
                  "delete_on_termination": "true",
                  "encrypted": "false",
                  "iops": "0",
                  "snapshot_id": "snap-0575f9666981a797f",
                  "throughput": "0",
                  "volume_size": "8",
                  "volume_type": "gp2"
                },
                "no_device": "",
                "virtual_name": ""
              },
              {
                "device_name": "/dev/sdb",
                "ebs": {},
                "no_device": "",
                "virtual_name": "ephemeral0"
              },
              {
                "device_name": "/dev/sdc",
                "ebs": {},
                "no_device": "",
                "virtual_name": "ephemeral1"
              }
            ],
            "creation_date": "2021-06-22T20:54:40.000Z",
            "description": "Canonical, Ubuntu, 20.04 LTS, amd64 focal image build on 2021-06-21",
            "ena_support": true,
            "executable_users": null,
            "filter": [
              {
                "name": "name",
                "values": [
                  "ubuntu/images/hvm-ssd/ubuntu-focal-20.04-amd64-server-*"
                ]
              },
              {
                "name": "virtualization-type",
                "values": [
                  "hvm"
                ]
              }
            ],
            "hypervisor": "xen",
            "id": "ami-0dd76f917833aac4b",
            "image_id": "ami-0dd76f917833aac4b",
            "image_location": "099720109477/ubuntu/images/hvm-ssd/ubuntu-focal-20.04-amd64-server-20210621",
            "image_owner_alias": null,
            "image_type": "machine",
            "kernel_id": null,
            "most_recent": true,
            "name": "ubuntu/images/hvm-ssd/ubuntu-focal-20.04-amd64-server-20210621",
            "name_regex": null,
            "owner_id": "099720109477",
            "owners": [
              "099720109477"
            ],
            "platform": null,
            "platform_details": "Linux/UNIX",
            "product_codes": [],
            "public": true,
            "ramdisk_id": null,
            "root_device_name": "/dev/sda1",
            "root_device_type": "ebs",
            "root_snapshot_id": "snap-0575f9666981a797f",
            "sriov_net_support": "simple",
            "state": "available",
            "state_reason": {
              "code": "UNSET",
              "message": "UNSET"
            },
            "tags": {},
            "usage_operation": "RunInstances",
            "virtualization_type": "hvm"
          },
          "sensitive_attributes": []
        }
      ]
    },
    {
      "mode": "data",
      "type": "aws_availability_zones",
      "name": "available",
      "provider": "provider[\"registry.terraform.io/hashicorp/aws\"]",
      "instances": [
        {
          "schema_version": 0,
          "attributes": {
            "all_availability_zones": null,
            "exclude_names": null,
            "exclude_zone_ids": null,
            "filter": [
              {
                "name": "region-name",
                "values": [
                  "us-east-1"
                ]
              }
            ],
            "group_names": [
              "us-east-1"
            ],
            "id": "us-east-1",
            "names": [
              "us-east-1a",
              "us-east-1b",
              "us-east-1c",
              "us-east-1d",
              "us-east-1e",
              "us-east-1f"
            ],
            "state": null,
            "zone_ids": [
              "use1-az2",
              "use1-az4",
              "use1-az6",
              "use1-az1",
              "use1-az3",
              "use1-az5"
            ]
          },
          "sensitive_attributes": []
        }
      ]
    },
    {
      "mode": "data",
      "type": "aws_caller_identity",
      "name": "current",
      "provider": "provider[\"registry.terraform.io/hashicorp/aws\"]",
      "instances": [
        {
          "schema_version": 0,
          "attributes": {
            "account_id": "503785734568",
            "arn": "arn:aws:iam::503785734568:user/adminuser",
            "id": "503785734568",
            "user_id": "AIDAXKS7YIGUDEFE7PEKH"
          },
          "sensitive_attributes": []
        }
      ]
    },
    {
      "mode": "managed",
      "type": "aws_acm_certificate",
      "name": "self",
      "provider": "provider[\"registry.terraform.io/hashicorp/aws\"]",
      "instances": [
        {
          "schema_version": 0,
          "attributes": {
            "arn": "arn:aws:acm:us-east-1:503785734568:certificate/c94fe732-efc9-4960-91c1-1bdcdd662d82",
            "certificate_authority_arn": "",
            "certificate_body": "-----BEGIN CERTIFICATE-----\nMIIDWzCCAkOgAwIBAgIQIXhoCfeK958XhH9acZlhwDANBgkqhkiG9w0BAQsFADBO\nMRQwEgYDVQQKEwtleGFtcGxlLW9yZzEbMBkGA1UECxMSQ2xvdWQgQXJjaGl0ZWN0\ndXJlMRkwFwYDVQQDExBzZWxmLmV4YW1wbGUuY29tMB4XDTIxMDcxNjE4MjMzNVoX\nDTIxMTAxNDE4MjMzNVowTjEUMBIGA1UEChMLZXhhbXBsZS1vcmcxGzAZBgNVBAsT\nEkNsb3VkIEFyY2hpdGVjdHVyZTEZMBcGA1UEAxMQc2VsZi5leGFtcGxlLmNvbTCC\nASIwDQYJKoZIhvcNAQEBBQADggEPADCCAQoCggEBALxQBiMJZXdRmG37i9WR+bwu\n3zRDbbn918bMJClLaZqPFggrThIXc0phWtZLmCwPNK8tCSgCpvlT/Ds58zD8jkjN\nBXRTsM2zAay5mIdUmgozn4CEXFxJm5r+NqnZPTGgOCMnE4bhH1cN6hwDOLWXe0IA\nBgjzdEdSTGLYp0HtzljF0ps8IP6wl6L68y7HXJsVQs6TyEeGTWXviXzCZfP4Q45v\n/BR3RcTZ47ZhXl9COIEcPjoeesjzS1yWVcN+B4N5ghc8bu8gAxR5mSr+ZqzbIkVi\nRqRDqrT1BXqCtlRElvpNCYPAa/5eQAwaUrWxbLVMhZCqmizD+Dcg+jTY9b9jIr8C\nAwEAAaM1MDMwDgYDVR0PAQH/BAQDAgWgMBMGA1UdJQQMMAoGCCsGAQUFBwMBMAwG\nA1UdEwEB/wQCMAAwDQYJKoZIhvcNAQELBQADggEBACAbMg7sqi75nHzNKc+MWu5J\nRgKt1ZV248oO4s47S6kJawEmhPa9WCXz7N/fdxkCnhGFLOGajDz08nJ5DWdDLmNw\n2P4lO+ZYtPOzXl3Ditn2JgTuytRJqwpPmmWStfzQ8ib42LblqX0V5INWCmncbVvm\nIQqXeNU6fqas3S0tjxJvpSnG5DxkmXPbwTQeKo6xrOTbUfxdCThMmuAtcAV3eY4z\nwmJXAhP21hYKcJT1iKlfj235gdWSlvh39pATjP2rEivAtS0BAILnTwqz1qTUdAM8\nldXOw1+L8U1Wqx2Yl8OK6KaV1I8ToQLJt7xVWoZDTBeK7YSnZcUATkbt4chZ9rs=\n-----END CERTIFICATE-----\n",
            "certificate_chain": null,
            "domain_name": "self.example.com",
            "domain_validation_options": [],
            "id": "arn:aws:acm:us-east-1:503785734568:certificate/c94fe732-efc9-4960-91c1-1bdcdd662d82",
            "options": [
              {
                "certificate_transparency_logging_preference": "DISABLED"
              }
            ],
            "private_key": "-----BEGIN RSA PRIVATE KEY-----\nMIIEogIBAAKCAQEAvFAGIwlld1GYbfuL1ZH5vC7fNENtuf3XxswkKUtpmo8WCCtO\nEhdzSmFa1kuYLA80ry0JKAKm+VP8OznzMPyOSM0FdFOwzbMBrLmYh1SaCjOfgIRc\nXEmbmv42qdk9MaA4IycThuEfVw3qHAM4tZd7QgAGCPN0R1JMYtinQe3OWMXSmzwg\n/rCXovrzLsdcmxVCzpPIR4ZNZe+JfMJl8/hDjm/8FHdFxNnjtmFeX0I4gRw+Oh56\nyPNLXJZVw34Hg3mCFzxu7yADFHmZKv5mrNsiRWJGpEOqtPUFeoK2VESW+k0Jg8Br\n/l5ADBpStbFstUyFkKqaLMP4NyD6NNj1v2MivwIDAQABAoIBABH8wtlN6HdBQAIh\naPX5f5VOFNv1JOIDMT03+qxHG8s7p6sYF9j6jHSqX/bgOaTbvviMoLdFqZVfRFST\n8HrZZO3nR4IZDGZZlutcvwkON7iJvc6U1g2qqkZfyfDnY0T+PN5+uQrFLi0ukxIh\n7KTL12YygmEQgCbf4ZP/hdpyUKeB89vZ78q60qTBojDK/ElAMBRwO53UiIz+A++j\n9oa0OT7uOTD75odqe34O7D8S86FzjrJ2JigLHnhBBFZK7vJX4qKyjyjMqHufq3cO\nHc/MmWjBIxJ20DFLOc0nQUIWjloCdTeN0xyBSHWaNAhgDS+pFrzvXPPTAcbY5CZB\nf+K7iUECgYEAzyh+CynXxMVvAmAtC+Gp4tyQWWwCr2lm+SOI1W8pQoWYosKl8KAg\nIYgEy14Ap71nWjad04vHCeTprXLInoKzzA/7g4dEpnRKw/2mCASiUjyhM0N7WqpH\n6RTcurpCLkYAdZrZz8SFFjyzsT3hKh+WmYHJ/pdVnAL2SUYuSjV3a9kCgYEA6LYQ\nN1Z1Jfr6uei6K0FVZqBgBB69GWz4adcFS2EzHbIAuq5bvV7rCkwIulh5466jYbkK\nMoSau1vjGtkpqeQxofdWb5po99mXuUHkMZhBmLB7PCAXihuMbqlTmrVVpwEl12Kk\namcksnGPyRyybMy+VIB6dS0R33s21kNVMdO33FcCgYBIAy19t/f3wSJL0x8VqEak\nREQxsahlTeCr7rxcZZ4UL9jVi5CfyyogPeZcw7q6lM7ev2mx5j80o0zQLLyszYav\nA0dNe7JTos1ywDP9SY8bw1POPEEfTV5eGhB5INJsv4zdVQ0ueoRBLKzSik5BlGWH\ny2RqijUKXMU8x5bD2T5AUQKBgHnCGMX7dJwEr37qJ85OBtMFgndlZeeRvoASQvDn\n0IjvA7apV9LDgRMIKWDmvg/E5jNRT+aSvyrcrvzzNvtvLBDkitMl5VoY/Wuu8CiK\n03eCj1gsKmTWeSnFarr9ue0Bir0hHYmWofrDtEmzvB91GPi5qFj61ekqXMzKuh6x\n+fdNAoGAHDagdRJA/GKW4C9++aChqOEuHRd4+KcxWUBEqqS/kq2mIOnw6eGaeqx+\noaRNBL8iOCEQoxgvOHNv12nCfzuLDqX/F4XOPPq3eulm4ComqcHB3kqiNqhj5PKU\njuo1v9mWuxjfGLJ14HBDgxFHoqZQ95B4BGDA6HwkXJ+qbqMHfcI=\n-----END RSA PRIVATE KEY-----\n",
            "status": "ISSUED",
            "subject_alternative_names": [],
            "tags": {},
            "tags_all": {},
            "validation_emails": [],
            "validation_method": "NONE"
          },
          "sensitive_attributes": [
            [
              {
                "type": "get_attr",
                "value": "private_key"
              }
            ]
          ],
          "private": "bnVsbA==",
          "dependencies": [
            "tls_private_key.self",
            "tls_self_signed_cert.self"
          ]
        }
      ]
    },
    {
      "mode": "managed",
      "type": "aws_autoscaling_group",
      "name": "asg",
      "provider": "provider[\"registry.terraform.io/hashicorp/aws\"]",
      "instances": [
        {
          "schema_version": 0,
          "attributes": {
            "arn": "arn:aws:autoscaling:us-east-1:503785734568:autoScalingGroup:3a57876b-784e-46b6-8725-88404406783f:autoScalingGroupName/test",
            "availability_zones": [
              "us-east-1a",
              "us-east-1b"
            ],
            "capacity_rebalance": false,
            "default_cooldown": 300,
            "desired_capacity": 3,
            "enabled_metrics": null,
            "force_delete": false,
            "force_delete_warm_pool": false,
            "health_check_grace_period": 300,
            "health_check_type": "EC2",
            "id": "test",
            "initial_lifecycle_hook": [],
            "instance_refresh": [],
            "launch_configuration": "test-20210716183324403300000001",
            "launch_template": [],
            "load_balancers": null,
            "max_instance_lifetime": 0,
            "max_size": 4,
            "metrics_granularity": "1Minute",
            "min_elb_capacity": null,
            "min_size": 3,
            "mixed_instances_policy": [],
            "name": "test",
            "name_prefix": null,
            "placement_group": "",
            "protect_from_scale_in": false,
            "service_linked_role_arn": "arn:aws:iam::503785734568:role/aws-service-role/autoscaling.amazonaws.com/AWSServiceRoleForAutoScaling",
            "suspended_processes": null,
            "tag": [
              {
                "key": "Name",
                "propagate_at_launch": true,
                "value": "test"
              }
            ],
            "tags": null,
            "target_group_arns": [
              "arn:aws:elasticloadbalancing:us-east-1:503785734568:targetgroup/test/07f98107d00c55c9"
            ],
            "termination_policies": null,
            "timeouts": null,
            "vpc_zone_identifier": [
              "subnet-0679706bd01a2c0c6",
              "subnet-0869b0c8822fca95e"
            ],
            "wait_for_capacity_timeout": "10m",
            "wait_for_elb_capacity": null,
            "warm_pool": []
          },
          "sensitive_attributes": [],
          "private": "eyJlMmJmYjczMC1lY2FhLTExZTYtOGY4OC0zNDM2M2JjN2M0YzAiOnsiZGVsZXRlIjo2MDAwMDAwMDAwMDB9fQ==",
          "dependencies": [
            "aws_launch_configuration.lc",
            "aws_lb_target_group.target_group",
            "aws_security_group.ec2_security_group",
            "aws_subnet.privatesubneta",
            "aws_subnet.privatesubnetb",
            "data.aws_ami.ubuntu"
          ],
          "create_before_destroy": true
        }
      ]
    },
    {
      "mode": "managed",
      "type": "aws_eip",
      "name": "eipnata",
      "provider": "provider[\"registry.terraform.io/hashicorp/aws\"]",
      "instances": [
        {
          "schema_version": 0,
          "attributes": {
            "address": null,
            "allocation_id": null,
            "associate_with_private_ip": null,
            "association_id": "eipassoc-0a9d61bb6cf2b8a70",
            "carrier_ip": "",
            "customer_owned_ip": "",
            "customer_owned_ipv4_pool": "",
            "domain": "vpc",
            "id": "eipalloc-073439d2358d007f8",
            "instance": "",
            "network_border_group": "us-east-1",
            "network_interface": "eni-0e38960b489e9022d",
            "private_dns": "ip-10-10-1-48.ec2.internal",
            "private_ip": "10.10.1.48",
            "public_dns": "ec2-52-44-85-45.compute-1.amazonaws.com",
            "public_ip": "52.44.85.45",
            "public_ipv4_pool": "amazon",
            "tags": {},
            "tags_all": {},
            "timeouts": null,
            "vpc": true
          },
          "sensitive_attributes": [],
          "private": "eyJlMmJmYjczMC1lY2FhLTExZTYtOGY4OC0zNDM2M2JjN2M0YzAiOnsiZGVsZXRlIjoxODAwMDAwMDAwMDAsInJlYWQiOjkwMDAwMDAwMDAwMCwidXBkYXRlIjozMDAwMDAwMDAwMDB9fQ=="
        }
      ]
    },
    {
      "mode": "managed",
      "type": "aws_eip",
      "name": "eipnatb",
      "provider": "provider[\"registry.terraform.io/hashicorp/aws\"]",
      "instances": [
        {
          "schema_version": 0,
          "attributes": {
            "address": null,
            "allocation_id": null,
            "associate_with_private_ip": null,
            "association_id": "eipassoc-0dc479d1a9d945a64",
            "carrier_ip": "",
            "customer_owned_ip": "",
            "customer_owned_ipv4_pool": "",
            "domain": "vpc",
            "id": "eipalloc-0cdcb88cbadd09b6b",
            "instance": "",
            "network_border_group": "us-east-1",
            "network_interface": "eni-097ace1ac455d3fc3",
            "private_dns": "ip-10-10-2-190.ec2.internal",
            "private_ip": "10.10.2.190",
            "public_dns": "ec2-23-22-88-33.compute-1.amazonaws.com",
            "public_ip": "23.22.88.33",
            "public_ipv4_pool": "amazon",
            "tags": {},
            "tags_all": {},
            "timeouts": null,
            "vpc": true
          },
          "sensitive_attributes": [],
          "private": "eyJlMmJmYjczMC1lY2FhLTExZTYtOGY4OC0zNDM2M2JjN2M0YzAiOnsiZGVsZXRlIjoxODAwMDAwMDAwMDAsInJlYWQiOjkwMDAwMDAwMDAwMCwidXBkYXRlIjozMDAwMDAwMDAwMDB9fQ=="
        }
      ]
    },
    {
      "mode": "managed",
      "type": "aws_elasticache_parameter_group",
      "name": "default",
      "provider": "provider[\"registry.terraform.io/hashicorp/aws\"]",
      "instances": [
        {
          "schema_version": 0,
          "attributes": {
            "description": "Managed by Terraform",
            "family": "redis6.x",
            "id": "redis-parameter-group",
            "name": "redis-parameter-group",
            "parameter": []
          },
          "sensitive_attributes": [],
          "private": "bnVsbA=="
        }
      ]
    },
    {
      "mode": "managed",
      "type": "aws_elasticache_replication_group",
      "name": "default",
      "provider": "provider[\"registry.terraform.io/hashicorp/aws\"]",
      "instances": [
        {
          "schema_version": 1,
          "attributes": {
            "apply_immediately": null,
            "arn": "arn:aws:elasticache:us-east-1:503785734568:replicationgroup:redis-group",
            "at_rest_encryption_enabled": true,
            "auth_token": "",
            "auto_minor_version_upgrade": true,
            "automatic_failover_enabled": true,
            "availability_zones": [
              "us-east-1a",
              "us-east-1b"
            ],
            "cluster_enabled": false,
            "cluster_mode": [
              {
                "num_node_groups": 1,
                "replicas_per_node_group": 1
              }
            ],
            "configuration_endpoint_address": null,
            "engine": "redis",
            "engine_version": "6.x",
            "engine_version_actual": "6.0.5",
            "final_snapshot_identifier": null,
            "global_replication_group_id": null,
            "id": "redis-group",
            "kms_key_id": "",
            "maintenance_window": "wed:06:00-wed:07:00",
            "member_clusters": [
              "redis-group-001",
              "redis-group-002"
            ],
            "multi_az_enabled": false,
            "node_type": "cache.t2.micro",
            "notification_topic_arn": null,
            "number_cache_clusters": 2,
            "parameter_group_name": "redis-parameter-group",
            "port": 6379,
            "primary_endpoint_address": "redis-group.xllfvs.ng.0001.use1.cache.amazonaws.com",
            "reader_endpoint_address": "redis-group-ro.xllfvs.ng.0001.use1.cache.amazonaws.com",
            "replication_group_description": "redis Elasticache",
            "replication_group_id": "redis-group",
            "security_group_ids": [
              "sg-01dea56bec0478955"
            ],
            "security_group_names": [],
            "snapshot_arns": null,
            "snapshot_name": null,
            "snapshot_retention_limit": 0,
            "snapshot_window": "03:30-04:30",
            "subnet_group_name": "redis",
            "tags": {},
            "tags_all": {},
            "timeouts": null,
            "transit_encryption_enabled": false
          },
          "sensitive_attributes": [],
          "private": "eyJlMmJmYjczMC1lY2FhLTExZTYtOGY4OC0zNDM2M2JjN2M0YzAiOnsiY3JlYXRlIjozNjAwMDAwMDAwMDAwLCJkZWxldGUiOjI0MDAwMDAwMDAwMDAsInVwZGF0ZSI6MjQwMDAwMDAwMDAwMH0sInNjaGVtYV92ZXJzaW9uIjoiMSJ9",
          "dependencies": [
            "aws_elasticache_parameter_group.default",
            "aws_security_group.alb_security_group",
            "aws_security_group.ec2_security_group",
            "aws_subnet.privatesubnetb",
            "aws_elasticache_subnet_group.default",
            "aws_security_group.elasticache_security_group",
            "aws_subnet.privatesubneta",
            "aws_vpc.vpc",
            "data.aws_availability_zones.available"
          ]
        }
      ]
    },
    {
      "mode": "managed",
      "type": "aws_elasticache_subnet_group",
      "name": "default",
      "provider": "provider[\"registry.terraform.io/hashicorp/aws\"]",
      "instances": [
        {
          "schema_version": 0,
          "attributes": {
            "arn": "arn:aws:elasticache:us-east-1:503785734568:subnetgroup:redis",
            "description": "Subnet Group for the redis",
            "id": "redis",
            "name": "redis",
            "subnet_ids": [
              "subnet-0679706bd01a2c0c6",
              "subnet-0869b0c8822fca95e"
            ],
            "tags": {},
            "tags_all": {}
          },
          "sensitive_attributes": [],
          "private": "bnVsbA==",
          "dependencies": [
            "aws_vpc.vpc",
            "data.aws_availability_zones.available",
            "aws_subnet.privatesubneta",
            "aws_subnet.privatesubnetb"
          ]
        }
      ]
    },
    {
      "mode": "managed",
      "type": "aws_internet_gateway",
      "name": "igw",
      "provider": "provider[\"registry.terraform.io/hashicorp/aws\"]",
      "instances": [
        {
          "schema_version": 0,
          "attributes": {
            "arn": "arn:aws:ec2:us-east-1:503785734568:internet-gateway/igw-0e8f51370bfef5585",
            "id": "igw-0e8f51370bfef5585",
            "owner_id": "503785734568",
            "tags": {
              "Name": "igw-vpc"
            },
            "tags_all": {
              "Name": "igw-vpc"
            },
            "vpc_id": "vpc-078877759bceb05bd"
          },
          "sensitive_attributes": [],
          "private": "bnVsbA==",
          "dependencies": [
            "aws_vpc.vpc"
          ]
        }
      ]
    },
    {
      "mode": "managed",
      "type": "aws_launch_configuration",
      "name": "lc",
      "provider": "provider[\"registry.terraform.io/hashicorp/aws\"]",
      "instances": [
        {
          "schema_version": 0,
          "attributes": {
            "arn": "arn:aws:autoscaling:us-east-1:503785734568:launchConfiguration:4cd5e8fc-402e-48b7-9e83-e18bbd336607:launchConfigurationName/test-20210716183324403300000001",
            "associate_public_ip_address": false,
            "ebs_block_device": [],
            "ebs_optimized": false,
            "enable_monitoring": true,
            "ephemeral_block_device": [],
            "iam_instance_profile": "",
            "id": "test-20210716183324403300000001",
            "image_id": "ami-0dd76f917833aac4b",
            "instance_type": "t2.small",
            "key_name": "",
            "metadata_options": [],
            "name": "test-20210716183324403300000001",
            "name_prefix": "test-",
            "placement_tenancy": null,
            "root_block_device": [],
            "security_groups": [
              "sg-00ce94e2f3229c13e"
            ],
            "spot_price": "",
            "user_data": null,
            "user_data_base64": "IyEvYmluL2Jhc2gKYXB0LWdldCB1cGRhdGUKYXB0LWdldCBpbnN0YWxsIGFwYWNoZTIgLXkKc3lzdGVtY3RsIHN0YXJ0IGFwYWNoZTIK",
            "vpc_classic_link_id": "",
            "vpc_classic_link_security_groups": null
          },
          "sensitive_attributes": [],
          "private": "bnVsbA==",
          "dependencies": [
            "aws_security_group.ec2_security_group",
            "data.aws_ami.ubuntu"
          ],
          "create_before_destroy": true
        }
      ]
    },
    {
      "mode": "managed",
      "type": "aws_lb",
      "name": "alb",
      "provider": "provider[\"registry.terraform.io/hashicorp/aws\"]",
      "instances": [
        {
          "schema_version": 0,
          "attributes": {
            "access_logs": [
              {
                "bucket": "",
                "enabled": false,
                "prefix": ""
              }
            ],
            "arn": "arn:aws:elasticloadbalancing:us-east-1:503785734568:loadbalancer/app/tf-lb-20210716182358675800000005/04fdbf67ab7f94ec",
            "arn_suffix": "app/tf-lb-20210716182358675800000005/04fdbf67ab7f94ec",
            "customer_owned_ipv4_pool": "",
            "dns_name": "tf-lb-20210716182358675800000005-1798534510.us-east-1.elb.amazonaws.com",
            "drop_invalid_header_fields": false,
            "enable_cross_zone_load_balancing": null,
            "enable_deletion_protection": false,
            "enable_http2": true,
            "id": "arn:aws:elasticloadbalancing:us-east-1:503785734568:loadbalancer/app/tf-lb-20210716182358675800000005/04fdbf67ab7f94ec",
            "idle_timeout": 60,
            "internal": false,
            "ip_address_type": "ipv4",
            "load_balancer_type": "application",
            "name": "tf-lb-20210716182358675800000005",
            "name_prefix": null,
            "security_groups": [
              "sg-0cff5e4fe352c9c1b"
            ],
            "subnet_mapping": [
              {
                "allocation_id": "",
                "ipv6_address": "",
                "outpost_id": "",
                "private_ipv4_address": "",
                "subnet_id": "subnet-0173280b2235c1236"
              },
              {
                "allocation_id": "",
                "ipv6_address": "",
                "outpost_id": "",
                "private_ipv4_address": "",
                "subnet_id": "subnet-03d914e2c9a81c5e8"
              }
            ],
            "subnets": [
              "subnet-0173280b2235c1236",
              "subnet-03d914e2c9a81c5e8"
            ],
            "tags": {},
            "tags_all": {},
            "timeouts": null,
            "vpc_id": "vpc-078877759bceb05bd",
            "zone_id": "Z35SXDOTRQ7X7K"
          },
          "sensitive_attributes": [],
          "private": "eyJlMmJmYjczMC1lY2FhLTExZTYtOGY4OC0zNDM2M2JjN2M0YzAiOnsiY3JlYXRlIjo2MDAwMDAwMDAwMDAsImRlbGV0ZSI6NjAwMDAwMDAwMDAwLCJ1cGRhdGUiOjYwMDAwMDAwMDAwMH19",
          "dependencies": [
            "aws_subnet.publicsubnetb",
            "aws_vpc.vpc",
            "data.aws_availability_zones.available",
            "aws_security_group.alb_security_group",
            "aws_subnet.publicsubneta"
          ]
        }
      ]
    },
    {
      "mode": "managed",
      "type": "aws_lb_listener",
      "name": "ALBListenerHTTP",
      "provider": "provider[\"registry.terraform.io/hashicorp/aws\"]",
      "instances": [
        {
          "schema_version": 0,
          "attributes": {
            "alpn_policy": null,
            "arn": "arn:aws:elasticloadbalancing:us-east-1:503785734568:listener/app/tf-lb-20210716182358675800000005/04fdbf67ab7f94ec/6af7b72f9cb9c368",
            "certificate_arn": null,
            "default_action": [
              {
                "authenticate_cognito": [],
                "authenticate_oidc": [],
                "fixed_response": [],
                "forward": [],
                "order": 1,
                "redirect": [
                  {
                    "host": "#{host}",
                    "path": "/#{path}",
                    "port": "443",
                    "protocol": "HTTPS",
                    "query": "#{query}",
                    "status_code": "HTTP_301"
                  }
                ],
                "target_group_arn": "",
                "type": "redirect"
              }
            ],
            "id": "arn:aws:elasticloadbalancing:us-east-1:503785734568:listener/app/tf-lb-20210716182358675800000005/04fdbf67ab7f94ec/6af7b72f9cb9c368",
            "load_balancer_arn": "arn:aws:elasticloadbalancing:us-east-1:503785734568:loadbalancer/app/tf-lb-20210716182358675800000005/04fdbf67ab7f94ec",
            "port": 80,
            "protocol": "HTTP",
            "ssl_policy": "",
            "tags": {},
            "tags_all": {},
            "timeouts": null
          },
          "sensitive_attributes": [],
          "private": "eyJlMmJmYjczMC1lY2FhLTExZTYtOGY4OC0zNDM2M2JjN2M0YzAiOnsicmVhZCI6NjAwMDAwMDAwMDAwfX0=",
          "dependencies": [
            "aws_vpc.vpc",
            "data.aws_availability_zones.available",
            "aws_lb.alb",
            "aws_security_group.alb_security_group",
            "aws_subnet.publicsubneta",
            "aws_subnet.publicsubnetb"
          ]
        }
      ]
    },
    {
      "mode": "managed",
      "type": "aws_lb_listener",
      "name": "ALBListenerHTTPS",
      "provider": "provider[\"registry.terraform.io/hashicorp/aws\"]",
      "instances": [
        {
          "schema_version": 0,
          "attributes": {
            "alpn_policy": null,
            "arn": "arn:aws:elasticloadbalancing:us-east-1:503785734568:listener/app/tf-lb-20210716182358675800000005/04fdbf67ab7f94ec/6f37732945194899",
            "certificate_arn": "arn:aws:acm:us-east-1:503785734568:certificate/c94fe732-efc9-4960-91c1-1bdcdd662d82",
            "default_action": [
              {
                "authenticate_cognito": [],
                "authenticate_oidc": [],
                "fixed_response": [],
                "forward": [],
                "order": 1,
                "redirect": [],
                "target_group_arn": "arn:aws:elasticloadbalancing:us-east-1:503785734568:targetgroup/test/07f98107d00c55c9",
                "type": "forward"
              }
            ],
            "id": "arn:aws:elasticloadbalancing:us-east-1:503785734568:listener/app/tf-lb-20210716182358675800000005/04fdbf67ab7f94ec/6f37732945194899",
            "load_balancer_arn": "arn:aws:elasticloadbalancing:us-east-1:503785734568:loadbalancer/app/tf-lb-20210716182358675800000005/04fdbf67ab7f94ec",
            "port": 443,
            "protocol": "HTTPS",
            "ssl_policy": "ELBSecurityPolicy-2016-08",
            "tags": {},
            "tags_all": {},
            "timeouts": null
          },
          "sensitive_attributes": [],
          "private": "eyJlMmJmYjczMC1lY2FhLTExZTYtOGY4OC0zNDM2M2JjN2M0YzAiOnsicmVhZCI6NjAwMDAwMDAwMDAwfX0=",
          "dependencies": [
            "aws_vpc.vpc",
            "data.aws_availability_zones.available",
            "tls_private_key.self",
            "tls_self_signed_cert.self",
            "aws_lb.alb",
            "aws_lb_target_group.target_group",
            "aws_security_group.alb_security_group",
            "aws_acm_certificate.self",
            "aws_subnet.publicsubneta",
            "aws_subnet.publicsubnetb"
          ]
        }
      ]
    },
    {
      "mode": "managed",
      "type": "aws_lb_target_group",
      "name": "target_group",
      "provider": "provider[\"registry.terraform.io/hashicorp/aws\"]",
      "instances": [
        {
          "schema_version": 0,
          "attributes": {
            "arn": "arn:aws:elasticloadbalancing:us-east-1:503785734568:targetgroup/test/07f98107d00c55c9",
            "arn_suffix": "targetgroup/test/07f98107d00c55c9",
            "deregistration_delay": 300,
            "health_check": [
              {
                "enabled": true,
                "healthy_threshold": 5,
                "interval": 15,
                "matcher": "200",
                "path": "/",
                "port": "80",
                "protocol": "HTTP",
                "timeout": 10,
                "unhealthy_threshold": 3
              }
            ],
            "id": "arn:aws:elasticloadbalancing:us-east-1:503785734568:targetgroup/test/07f98107d00c55c9",
            "lambda_multi_value_headers_enabled": false,
            "load_balancing_algorithm_type": "round_robin",
            "name": "test",
            "name_prefix": null,
            "port": 80,
            "preserve_client_ip": null,
            "protocol": "HTTP",
            "protocol_version": "HTTP1",
            "proxy_protocol_v2": false,
            "slow_start": 0,
            "stickiness": [
              {
                "cookie_duration": 86400,
                "enabled": false,
                "type": "lb_cookie"
              }
            ],
            "tags": {},
            "tags_all": {},
            "target_type": "instance",
            "vpc_id": "vpc-078877759bceb05bd"
          },
          "sensitive_attributes": [],
          "private": "bnVsbA==",
          "dependencies": [
            "aws_vpc.vpc"
          ],
          "create_before_destroy": true
        }
      ]
    },
    {
      "mode": "managed",
      "type": "aws_nat_gateway",
      "name": "natgatewaysubneta",
      "provider": "provider[\"registry.terraform.io/hashicorp/aws\"]",
      "instances": [
        {
          "schema_version": 0,
          "attributes": {
            "allocation_id": "eipalloc-073439d2358d007f8",
            "id": "nat-0edfee30ae85b015d",
            "network_interface_id": "eni-0e38960b489e9022d",
            "private_ip": "10.10.1.48",
            "public_ip": "52.44.85.45",
            "subnet_id": "subnet-03d914e2c9a81c5e8",
            "tags": {
              "Name": "NAT Gateway 1"
            },
            "tags_all": {
              "Name": "NAT Gateway 1"
            }
          },
          "sensitive_attributes": [],
          "private": "bnVsbA==",
          "dependencies": [
            "aws_vpc.vpc",
            "data.aws_availability_zones.available",
            "aws_eip.eipnata",
            "aws_subnet.publicsubneta"
          ]
        }
      ]
    },
    {
      "mode": "managed",
      "type": "aws_nat_gateway",
      "name": "natgatewaysubnetb",
      "provider": "provider[\"registry.terraform.io/hashicorp/aws\"]",
      "instances": [
        {
          "schema_version": 0,
          "attributes": {
            "allocation_id": "eipalloc-0cdcb88cbadd09b6b",
            "id": "nat-04fe65e7ef1dc275a",
            "network_interface_id": "eni-097ace1ac455d3fc3",
            "private_ip": "10.10.2.190",
            "public_ip": "23.22.88.33",
            "subnet_id": "subnet-0173280b2235c1236",
            "tags": {
              "Name": "NAT Gateway 2"
            },
            "tags_all": {
              "Name": "NAT Gateway 2"
            }
          },
          "sensitive_attributes": [],
          "private": "bnVsbA==",
          "dependencies": [
            "aws_eip.eipnatb",
            "aws_subnet.publicsubnetb",
            "aws_vpc.vpc",
            "data.aws_availability_zones.available"
          ]
        }
      ]
    },
    {
      "mode": "managed",
      "type": "aws_route",
      "name": "routeigw",
      "provider": "provider[\"registry.terraform.io/hashicorp/aws\"]",
      "instances": [
        {
          "schema_version": 0,
          "attributes": {
            "carrier_gateway_id": "",
            "destination_cidr_block": "0.0.0.0/0",
            "destination_ipv6_cidr_block": "",
            "destination_prefix_list_id": "",
            "egress_only_gateway_id": "",
            "gateway_id": "igw-0e8f51370bfef5585",
            "id": "r-rtb-0cbcaf3958e2a421d1080289494",
            "instance_id": "",
            "instance_owner_id": "",
            "local_gateway_id": "",
            "nat_gateway_id": "",
            "network_interface_id": "",
            "origin": "CreateRoute",
            "route_table_id": "rtb-0cbcaf3958e2a421d",
            "state": "active",
            "timeouts": null,
            "transit_gateway_id": "",
            "vpc_endpoint_id": "",
            "vpc_peering_connection_id": ""
          },
          "sensitive_attributes": [],
          "private": "eyJlMmJmYjczMC1lY2FhLTExZTYtOGY4OC0zNDM2M2JjN2M0YzAiOnsiY3JlYXRlIjoxMjAwMDAwMDAwMDAsImRlbGV0ZSI6MzAwMDAwMDAwMDAwfX0=",
          "dependencies": [
            "aws_internet_gateway.igw",
            "aws_route_table.routetablepublic",
            "aws_vpc.vpc"
          ]
        }
      ]
    },
    {
      "mode": "managed",
      "type": "aws_route",
      "name": "routenatgatewaya",
      "provider": "provider[\"registry.terraform.io/hashicorp/aws\"]",
      "instances": [
        {
          "schema_version": 0,
          "attributes": {
            "carrier_gateway_id": "",
            "destination_cidr_block": "0.0.0.0/0",
            "destination_ipv6_cidr_block": "",
            "destination_prefix_list_id": "",
            "egress_only_gateway_id": "",
            "gateway_id": "",
            "id": "r-rtb-072b726dcf8168dd91080289494",
            "instance_id": "",
            "instance_owner_id": "",
            "local_gateway_id": "",
            "nat_gateway_id": "nat-0edfee30ae85b015d",
            "network_interface_id": "",
            "origin": "CreateRoute",
            "route_table_id": "rtb-072b726dcf8168dd9",
            "state": "active",
            "timeouts": null,
            "transit_gateway_id": "",
            "vpc_endpoint_id": "",
            "vpc_peering_connection_id": ""
          },
          "sensitive_attributes": [],
          "private": "eyJlMmJmYjczMC1lY2FhLTExZTYtOGY4OC0zNDM2M2JjN2M0YzAiOnsiY3JlYXRlIjoxMjAwMDAwMDAwMDAsImRlbGV0ZSI6MzAwMDAwMDAwMDAwfX0=",
          "dependencies": [
            "aws_nat_gateway.natgatewaysubneta",
            "aws_route_table.routetableprivatea",
            "aws_subnet.publicsubneta",
            "aws_vpc.vpc",
            "data.aws_availability_zones.available",
            "aws_eip.eipnata"
          ]
        }
      ]
    },
    {
      "mode": "managed",
      "type": "aws_route",
      "name": "routenatgatewayb",
      "provider": "provider[\"registry.terraform.io/hashicorp/aws\"]",
      "instances": [
        {
          "schema_version": 0,
          "attributes": {
            "carrier_gateway_id": "",
            "destination_cidr_block": "0.0.0.0/0",
            "destination_ipv6_cidr_block": "",
            "destination_prefix_list_id": "",
            "egress_only_gateway_id": "",
            "gateway_id": "",
            "id": "r-rtb-034d55b33270cfb871080289494",
            "instance_id": "",
            "instance_owner_id": "",
            "local_gateway_id": "",
            "nat_gateway_id": "nat-04fe65e7ef1dc275a",
            "network_interface_id": "",
            "origin": "CreateRoute",
            "route_table_id": "rtb-034d55b33270cfb87",
            "state": "active",
            "timeouts": null,
            "transit_gateway_id": "",
            "vpc_endpoint_id": "",
            "vpc_peering_connection_id": ""
          },
          "sensitive_attributes": [],
          "private": "eyJlMmJmYjczMC1lY2FhLTExZTYtOGY4OC0zNDM2M2JjN2M0YzAiOnsiY3JlYXRlIjoxMjAwMDAwMDAwMDAsImRlbGV0ZSI6MzAwMDAwMDAwMDAwfX0=",
          "dependencies": [
            "aws_eip.eipnatb",
            "aws_nat_gateway.natgatewaysubnetb",
            "aws_route_table.routetableprivateb",
            "aws_subnet.publicsubnetb",
            "aws_vpc.vpc",
            "data.aws_availability_zones.available"
          ]
        }
      ]
    },
    {
      "mode": "managed",
      "type": "aws_route_table",
      "name": "routetableprivatea",
      "provider": "provider[\"registry.terraform.io/hashicorp/aws\"]",
      "instances": [
        {
          "schema_version": 0,
          "attributes": {
            "arn": "arn:aws:ec2:us-east-1:503785734568:route-table/rtb-072b726dcf8168dd9",
            "id": "rtb-072b726dcf8168dd9",
            "owner_id": "503785734568",
            "propagating_vgws": [],
            "route": [
              {
                "carrier_gateway_id": "",
                "cidr_block": "0.0.0.0/0",
                "destination_prefix_list_id": "",
                "egress_only_gateway_id": "",
                "gateway_id": "",
                "instance_id": "",
                "ipv6_cidr_block": "",
                "local_gateway_id": "",
                "nat_gateway_id": "nat-0edfee30ae85b015d",
                "network_interface_id": "",
                "transit_gateway_id": "",
                "vpc_endpoint_id": "",
                "vpc_peering_connection_id": ""
              }
            ],
            "tags": {
              "Name": "Private Route A"
            },
            "tags_all": {
              "Name": "Private Route A"
            },
            "vpc_id": "vpc-078877759bceb05bd"
          },
          "sensitive_attributes": [],
          "private": "bnVsbA==",
          "dependencies": [
            "aws_vpc.vpc"
          ]
        }
      ]
    },
    {
      "mode": "managed",
      "type": "aws_route_table",
      "name": "routetableprivateb",
      "provider": "provider[\"registry.terraform.io/hashicorp/aws\"]",
      "instances": [
        {
          "schema_version": 0,
          "attributes": {
            "arn": "arn:aws:ec2:us-east-1:503785734568:route-table/rtb-034d55b33270cfb87",
            "id": "rtb-034d55b33270cfb87",
            "owner_id": "503785734568",
            "propagating_vgws": [],
            "route": [
              {
                "carrier_gateway_id": "",
                "cidr_block": "0.0.0.0/0",
                "destination_prefix_list_id": "",
                "egress_only_gateway_id": "",
                "gateway_id": "",
                "instance_id": "",
                "ipv6_cidr_block": "",
                "local_gateway_id": "",
                "nat_gateway_id": "nat-04fe65e7ef1dc275a",
                "network_interface_id": "",
                "transit_gateway_id": "",
                "vpc_endpoint_id": "",
                "vpc_peering_connection_id": ""
              }
            ],
            "tags": {
              "Name": "Private Route B"
            },
            "tags_all": {
              "Name": "Private Route B"
            },
            "vpc_id": "vpc-078877759bceb05bd"
          },
          "sensitive_attributes": [],
          "private": "bnVsbA==",
          "dependencies": [
            "aws_vpc.vpc"
          ]
        }
      ]
    },
    {
      "mode": "managed",
      "type": "aws_route_table",
      "name": "routetablepublic",
      "provider": "provider[\"registry.terraform.io/hashicorp/aws\"]",
      "instances": [
        {
          "schema_version": 0,
          "attributes": {
            "arn": "arn:aws:ec2:us-east-1:503785734568:route-table/rtb-0cbcaf3958e2a421d",
            "id": "rtb-0cbcaf3958e2a421d",
            "owner_id": "503785734568",
            "propagating_vgws": [],
            "route": [
              {
                "carrier_gateway_id": "",
                "cidr_block": "0.0.0.0/0",
                "destination_prefix_list_id": "",
                "egress_only_gateway_id": "",
                "gateway_id": "igw-0e8f51370bfef5585",
                "instance_id": "",
                "ipv6_cidr_block": "",
                "local_gateway_id": "",
                "nat_gateway_id": "",
                "network_interface_id": "",
                "transit_gateway_id": "",
                "vpc_endpoint_id": "",
                "vpc_peering_connection_id": ""
              }
            ],
            "tags": {
              "Name": "Public Route"
            },
            "tags_all": {
              "Name": "Public Route"
            },
            "vpc_id": "vpc-078877759bceb05bd"
          },
          "sensitive_attributes": [],
          "private": "bnVsbA==",
          "dependencies": [
            "aws_vpc.vpc"
          ]
        }
      ]
    },
    {
      "mode": "managed",
      "type": "aws_route_table_association",
      "name": "routeassocprivatea",
      "provider": "provider[\"registry.terraform.io/hashicorp/aws\"]",
      "instances": [
        {
          "schema_version": 0,
          "attributes": {
            "gateway_id": null,
            "id": "rtbassoc-06387556ae81d1def",
            "route_table_id": "rtb-072b726dcf8168dd9",
            "subnet_id": "subnet-0679706bd01a2c0c6"
          },
          "sensitive_attributes": [],
          "private": "bnVsbA==",
          "dependencies": [
            "aws_route_table.routetableprivatea",
            "aws_subnet.privatesubneta",
            "aws_vpc.vpc",
            "data.aws_availability_zones.available"
          ]
        }
      ]
    },
    {
      "mode": "managed",
      "type": "aws_route_table_association",
      "name": "routeassocprivateb",
      "provider": "provider[\"registry.terraform.io/hashicorp/aws\"]",
      "instances": [
        {
          "schema_version": 0,
          "attributes": {
            "gateway_id": null,
            "id": "rtbassoc-093f1b945d5401af8",
            "route_table_id": "rtb-034d55b33270cfb87",
            "subnet_id": "subnet-0869b0c8822fca95e"
          },
          "sensitive_attributes": [],
          "private": "bnVsbA==",
          "dependencies": [
            "aws_route_table.routetableprivateb",
            "aws_subnet.privatesubnetb",
            "aws_vpc.vpc",
            "data.aws_availability_zones.available"
          ]
        }
      ]
    },
    {
      "mode": "managed",
      "type": "aws_route_table_association",
      "name": "routeassocpublica",
      "provider": "provider[\"registry.terraform.io/hashicorp/aws\"]",
      "instances": [
        {
          "schema_version": 0,
          "attributes": {
            "gateway_id": null,
            "id": "rtbassoc-0d90daf10faabb1df",
            "route_table_id": "rtb-0cbcaf3958e2a421d",
            "subnet_id": "subnet-03d914e2c9a81c5e8"
          },
          "sensitive_attributes": [],
          "private": "bnVsbA==",
          "dependencies": [
            "aws_route_table.routetablepublic",
            "aws_subnet.publicsubneta",
            "aws_vpc.vpc",
            "data.aws_availability_zones.available"
          ]
        }
      ]
    },
    {
      "mode": "managed",
      "type": "aws_route_table_association",
      "name": "routeassocpublicb",
      "provider": "provider[\"registry.terraform.io/hashicorp/aws\"]",
      "instances": [
        {
          "schema_version": 0,
          "attributes": {
            "gateway_id": null,
            "id": "rtbassoc-0efcadbb4999f2600",
            "route_table_id": "rtb-0cbcaf3958e2a421d",
            "subnet_id": "subnet-0173280b2235c1236"
          },
          "sensitive_attributes": [],
          "private": "bnVsbA==",
          "dependencies": [
            "aws_route_table.routetablepublic",
            "aws_subnet.publicsubnetb",
            "aws_vpc.vpc",
            "data.aws_availability_zones.available"
          ]
        }
      ]
    },
    {
      "mode": "managed",
      "type": "aws_s3_bucket",
      "name": "bucket",
      "provider": "provider[\"registry.terraform.io/hashicorp/aws\"]",
      "instances": [
        {
          "schema_version": 0,
          "attributes": {
            "acceleration_status": "",
            "acl": "private",
            "arn": "arn:aws:s3:::patricks-buckets-oyl0i",
            "bucket": "patricks-buckets-oyl0i",
            "bucket_domain_name": "patricks-buckets-oyl0i.s3.amazonaws.com",
            "bucket_prefix": null,
            "bucket_regional_domain_name": "patricks-buckets-oyl0i.s3.amazonaws.com",
            "cors_rule": [],
            "force_destroy": true,
            "grant": [],
            "hosted_zone_id": "Z3AQBSTGFYJSTF",
            "id": "patricks-buckets-oyl0i",
            "lifecycle_rule": [],
            "logging": [],
            "object_lock_configuration": [],
            "policy": null,
            "region": "us-east-1",
            "replication_configuration": [],
            "request_payer": "BucketOwner",
            "server_side_encryption_configuration": [
              {
                "rule": [
                  {
                    "apply_server_side_encryption_by_default": [
                      {
                        "kms_master_key_id": "",
                        "sse_algorithm": "AES256"
                      }
                    ],
                    "bucket_key_enabled": false
                  }
                ]
              }
            ],
            "tags": {},
            "tags_all": {},
            "versioning": [
              {
                "enabled": false,
                "mfa_delete": false
              }
            ],
            "website": [],
            "website_domain": null,
            "website_endpoint": null
          },
          "sensitive_attributes": [],
          "private": "bnVsbA==",
          "dependencies": [
            "random_string.identifier"
          ]
        }
      ]
    },
    {
      "mode": "managed",
      "type": "aws_security_group",
      "name": "alb_security_group",
      "provider": "provider[\"registry.terraform.io/hashicorp/aws\"]",
      "instances": [
        {
          "schema_version": 1,
          "attributes": {
            "arn": "arn:aws:ec2:us-east-1:503785734568:security-group/sg-0cff5e4fe352c9c1b",
            "description": "Managed by Terraform",
            "egress": [
              {
                "cidr_blocks": [
                  "0.0.0.0/0"
                ],
                "description": "",
                "from_port": 0,
                "ipv6_cidr_blocks": [],
                "prefix_list_ids": [],
                "protocol": "-1",
                "security_groups": [],
                "self": false,
                "to_port": 0
              }
            ],
            "id": "sg-0cff5e4fe352c9c1b",
            "ingress": [
              {
                "cidr_blocks": [
                  "0.0.0.0/0"
                ],
                "description": "",
                "from_port": 443,
                "ipv6_cidr_blocks": [],
                "prefix_list_ids": [],
                "protocol": "tcp",
                "security_groups": [],
                "self": false,
                "to_port": 443
              },
              {
                "cidr_blocks": [
                  "0.0.0.0/0"
                ],
                "description": "",
                "from_port": 80,
                "ipv6_cidr_blocks": [],
                "prefix_list_ids": [],
                "protocol": "tcp",
                "security_groups": [],
                "self": false,
                "to_port": 80
              }
            ],
            "name": "alb-sg-20210716182347727400000001",
            "name_prefix": "alb-sg-",
            "owner_id": "503785734568",
            "revoke_rules_on_delete": false,
            "tags": {
              "Name": "alb-sg"
            },
            "tags_all": {
              "Name": "alb-sg"
            },
            "timeouts": null,
            "vpc_id": "vpc-078877759bceb05bd"
          },
          "sensitive_attributes": [],
          "private": "eyJlMmJmYjczMC1lY2FhLTExZTYtOGY4OC0zNDM2M2JjN2M0YzAiOnsiY3JlYXRlIjo2MDAwMDAwMDAwMDAsImRlbGV0ZSI6OTAwMDAwMDAwMDAwfSwic2NoZW1hX3ZlcnNpb24iOiIxIn0=",
          "dependencies": [
            "aws_vpc.vpc"
          ],
          "create_before_destroy": true
        }
      ]
    },
    {
      "mode": "managed",
      "type": "aws_security_group",
      "name": "ec2_security_group",
      "provider": "provider[\"registry.terraform.io/hashicorp/aws\"]",
      "instances": [
        {
          "schema_version": 1,
          "attributes": {
            "arn": "arn:aws:ec2:us-east-1:503785734568:security-group/sg-00ce94e2f3229c13e",
            "description": "Managed by Terraform",
            "egress": [
              {
                "cidr_blocks": [
                  "0.0.0.0/0"
                ],
                "description": "",
                "from_port": 0,
                "ipv6_cidr_blocks": [],
                "prefix_list_ids": [],
                "protocol": "-1",
                "security_groups": [],
                "self": false,
                "to_port": 0
              }
            ],
            "id": "sg-00ce94e2f3229c13e",
            "ingress": [
              {
                "cidr_blocks": [],
                "description": "",
                "from_port": 80,
                "ipv6_cidr_blocks": [],
                "prefix_list_ids": [],
                "protocol": "tcp",
                "security_groups": [
                  "sg-0cff5e4fe352c9c1b"
                ],
                "self": false,
                "to_port": 80
              }
            ],
            "name": "ec2-sg-20210716182349552400000002",
            "name_prefix": "ec2-sg-",
            "owner_id": "503785734568",
            "revoke_rules_on_delete": false,
            "tags": {
              "Name": "ec2-sg"
            },
            "tags_all": {
              "Name": "ec2-sg"
            },
            "timeouts": null,
            "vpc_id": "vpc-078877759bceb05bd"
          },
          "sensitive_attributes": [],
          "private": "eyJlMmJmYjczMC1lY2FhLTExZTYtOGY4OC0zNDM2M2JjN2M0YzAiOnsiY3JlYXRlIjo2MDAwMDAwMDAwMDAsImRlbGV0ZSI6OTAwMDAwMDAwMDAwfSwic2NoZW1hX3ZlcnNpb24iOiIxIn0=",
          "dependencies": [
            "aws_security_group.alb_security_group",
            "aws_vpc.vpc"
          ],
          "create_before_destroy": true
        }
      ]
    },
    {
      "mode": "managed",
      "type": "aws_security_group",
      "name": "elasticache_security_group",
      "provider": "provider[\"registry.terraform.io/hashicorp/aws\"]",
      "instances": [
        {
          "schema_version": 1,
          "attributes": {
            "arn": "arn:aws:ec2:us-east-1:503785734568:security-group/sg-01dea56bec0478955",
            "description": "Managed by Terraform",
            "egress": [],
            "id": "sg-01dea56bec0478955",
            "ingress": [
              {
                "cidr_blocks": [],
                "description": "",
                "from_port": 6379,
                "ipv6_cidr_blocks": [],
                "prefix_list_ids": [],
                "protocol": "tcp",
                "security_groups": [
                  "sg-00ce94e2f3229c13e"
                ],
                "self": false,
                "to_port": 6379
              }
            ],
            "name": "elasticache-sg-20210716182351456000000003",
            "name_prefix": "elasticache-sg-",
            "owner_id": "503785734568",
            "revoke_rules_on_delete": false,
            "tags": {
              "Name": "elasticache-sg"
            },
            "tags_all": {
              "Name": "elasticache-sg"
            },
            "timeouts": null,
            "vpc_id": "vpc-078877759bceb05bd"
          },
          "sensitive_attributes": [],
          "private": "eyJlMmJmYjczMC1lY2FhLTExZTYtOGY4OC0zNDM2M2JjN2M0YzAiOnsiY3JlYXRlIjo2MDAwMDAwMDAwMDAsImRlbGV0ZSI6OTAwMDAwMDAwMDAwfSwic2NoZW1hX3ZlcnNpb24iOiIxIn0=",
          "dependencies": [
            "aws_security_group.alb_security_group",
            "aws_security_group.ec2_security_group",
            "aws_vpc.vpc"
          ],
          "create_before_destroy": true
        }
      ]
    },
    {
      "mode": "managed",
      "type": "aws_subnet",
      "name": "privatesubneta",
      "provider": "provider[\"registry.terraform.io/hashicorp/aws\"]",
      "instances": [
        {
          "schema_version": 1,
          "attributes": {
            "arn": "arn:aws:ec2:us-east-1:503785734568:subnet/subnet-0679706bd01a2c0c6",
            "assign_ipv6_address_on_creation": false,
            "availability_zone": "us-east-1a",
            "availability_zone_id": "use1-az2",
            "cidr_block": "10.10.20.0/24",
            "customer_owned_ipv4_pool": "",
            "id": "subnet-0679706bd01a2c0c6",
            "ipv6_cidr_block": "",
            "ipv6_cidr_block_association_id": "",
            "map_customer_owned_ip_on_launch": false,
            "map_public_ip_on_launch": false,
            "outpost_arn": "",
            "owner_id": "503785734568",
            "tags": {
              "Name": "Private Subnet A"
            },
            "tags_all": {
              "Name": "Private Subnet A"
            },
            "timeouts": null,
            "vpc_id": "vpc-078877759bceb05bd"
          },
          "sensitive_attributes": [],
          "private": "eyJlMmJmYjczMC1lY2FhLTExZTYtOGY4OC0zNDM2M2JjN2M0YzAiOnsiY3JlYXRlIjo2MDAwMDAwMDAwMDAsImRlbGV0ZSI6MTIwMDAwMDAwMDAwMH0sInNjaGVtYV92ZXJzaW9uIjoiMSJ9",
          "dependencies": [
            "aws_vpc.vpc",
            "data.aws_availability_zones.available"
          ],
          "create_before_destroy": true
        }
      ]
    },
    {
      "mode": "managed",
      "type": "aws_subnet",
      "name": "privatesubnetb",
      "provider": "provider[\"registry.terraform.io/hashicorp/aws\"]",
      "instances": [
        {
          "schema_version": 1,
          "attributes": {
            "arn": "arn:aws:ec2:us-east-1:503785734568:subnet/subnet-0869b0c8822fca95e",
            "assign_ipv6_address_on_creation": false,
            "availability_zone": "us-east-1b",
            "availability_zone_id": "use1-az4",
            "cidr_block": "10.10.30.0/24",
            "customer_owned_ipv4_pool": "",
            "id": "subnet-0869b0c8822fca95e",
            "ipv6_cidr_block": "",
            "ipv6_cidr_block_association_id": "",
            "map_customer_owned_ip_on_launch": false,
            "map_public_ip_on_launch": false,
            "outpost_arn": "",
            "owner_id": "503785734568",
            "tags": {
              "Name": "Private Subnet B"
            },
            "tags_all": {
              "Name": "Private Subnet B"
            },
            "timeouts": null,
            "vpc_id": "vpc-078877759bceb05bd"
          },
          "sensitive_attributes": [],
          "private": "eyJlMmJmYjczMC1lY2FhLTExZTYtOGY4OC0zNDM2M2JjN2M0YzAiOnsiY3JlYXRlIjo2MDAwMDAwMDAwMDAsImRlbGV0ZSI6MTIwMDAwMDAwMDAwMH0sInNjaGVtYV92ZXJzaW9uIjoiMSJ9",
          "dependencies": [
            "data.aws_availability_zones.available",
            "aws_vpc.vpc"
          ],
          "create_before_destroy": true
        }
      ]
    },
    {
      "mode": "managed",
      "type": "aws_subnet",
      "name": "publicsubneta",
      "provider": "provider[\"registry.terraform.io/hashicorp/aws\"]",
      "instances": [
        {
          "schema_version": 1,
          "attributes": {
            "arn": "arn:aws:ec2:us-east-1:503785734568:subnet/subnet-03d914e2c9a81c5e8",
            "assign_ipv6_address_on_creation": false,
            "availability_zone": "us-east-1a",
            "availability_zone_id": "use1-az2",
            "cidr_block": "10.10.1.0/24",
            "customer_owned_ipv4_pool": "",
            "id": "subnet-03d914e2c9a81c5e8",
            "ipv6_cidr_block": "",
            "ipv6_cidr_block_association_id": "",
            "map_customer_owned_ip_on_launch": false,
            "map_public_ip_on_launch": true,
            "outpost_arn": "",
            "owner_id": "503785734568",
            "tags": {
              "Name": "Public Subnet A"
            },
            "tags_all": {
              "Name": "Public Subnet A"
            },
            "timeouts": null,
            "vpc_id": "vpc-078877759bceb05bd"
          },
          "sensitive_attributes": [],
          "private": "eyJlMmJmYjczMC1lY2FhLTExZTYtOGY4OC0zNDM2M2JjN2M0YzAiOnsiY3JlYXRlIjo2MDAwMDAwMDAwMDAsImRlbGV0ZSI6MTIwMDAwMDAwMDAwMH0sInNjaGVtYV92ZXJzaW9uIjoiMSJ9",
          "dependencies": [
            "data.aws_availability_zones.available",
            "aws_vpc.vpc"
          ]
        }
      ]
    },
    {
      "mode": "managed",
      "type": "aws_subnet",
      "name": "publicsubnetb",
      "provider": "provider[\"registry.terraform.io/hashicorp/aws\"]",
      "instances": [
        {
          "schema_version": 1,
          "attributes": {
            "arn": "arn:aws:ec2:us-east-1:503785734568:subnet/subnet-0173280b2235c1236",
            "assign_ipv6_address_on_creation": false,
            "availability_zone": "us-east-1b",
            "availability_zone_id": "use1-az4",
            "cidr_block": "10.10.2.0/24",
            "customer_owned_ipv4_pool": "",
            "id": "subnet-0173280b2235c1236",
            "ipv6_cidr_block": "",
            "ipv6_cidr_block_association_id": "",
            "map_customer_owned_ip_on_launch": false,
            "map_public_ip_on_launch": true,
            "outpost_arn": "",
            "owner_id": "503785734568",
            "tags": {
              "Name": "Public Subnet B"
            },
            "tags_all": {
              "Name": "Public Subnet B"
            },
            "timeouts": null,
            "vpc_id": "vpc-078877759bceb05bd"
          },
          "sensitive_attributes": [],
          "private": "eyJlMmJmYjczMC1lY2FhLTExZTYtOGY4OC0zNDM2M2JjN2M0YzAiOnsiY3JlYXRlIjo2MDAwMDAwMDAwMDAsImRlbGV0ZSI6MTIwMDAwMDAwMDAwMH0sInNjaGVtYV92ZXJzaW9uIjoiMSJ9",
          "dependencies": [
            "aws_vpc.vpc",
            "data.aws_availability_zones.available"
          ]
        }
      ]
    },
    {
      "mode": "managed",
      "type": "aws_vpc",
      "name": "vpc",
      "provider": "provider[\"registry.terraform.io/hashicorp/aws\"]",
      "instances": [
        {
          "schema_version": 1,
          "attributes": {
            "arn": "arn:aws:ec2:us-east-1:503785734568:vpc/vpc-078877759bceb05bd",
            "assign_generated_ipv6_cidr_block": false,
            "cidr_block": "10.10.0.0/16",
            "default_network_acl_id": "acl-08c052f27102605df",
            "default_route_table_id": "rtb-01ea1bc2a3a1fdfcb",
            "default_security_group_id": "sg-072a0680c18779575",
            "dhcp_options_id": "dopt-61b5bb1b",
            "enable_classiclink": false,
            "enable_classiclink_dns_support": false,
            "enable_dns_hostnames": true,
            "enable_dns_support": true,
            "id": "vpc-078877759bceb05bd",
            "instance_tenancy": "default",
            "ipv6_association_id": "",
            "ipv6_cidr_block": "",
            "main_route_table_id": "rtb-01ea1bc2a3a1fdfcb",
            "owner_id": "503785734568",
            "tags": {
              "Name": "Main VPC"
            },
            "tags_all": {
              "Name": "Main VPC"
            }
          },
          "sensitive_attributes": [],
          "private": "eyJzY2hlbWFfdmVyc2lvbiI6IjEifQ==",
          "create_before_destroy": true
        }
      ]
    },
    {
      "mode": "managed",
      "type": "random_string",
      "name": "identifier",
      "provider": "provider[\"registry.terraform.io/hashicorp/random\"]",
      "instances": [
        {
          "schema_version": 1,
          "attributes": {
            "id": "oyl0i",
            "keepers": null,
            "length": 5,
            "lower": true,
            "min_lower": 0,
            "min_numeric": 0,
            "min_special": 0,
            "min_upper": 0,
            "number": true,
            "override_special": null,
            "result": "oyl0i",
            "special": false,
            "upper": false
          },
          "sensitive_attributes": [],
          "private": "eyJzY2hlbWFfdmVyc2lvbiI6IjEifQ=="
        }
      ]
    },
    {
      "mode": "managed",
      "type": "tls_private_key",
      "name": "self",
      "provider": "provider[\"registry.terraform.io/hashicorp/tls\"]",
      "instances": [
        {
          "schema_version": 0,
          "attributes": {
            "algorithm": "RSA",
            "ecdsa_curve": "P224",
            "id": "a7ef7d60bb330ac7ac30e2ba5a18b810a4d4751b",
            "private_key_pem": "-----BEGIN RSA PRIVATE KEY-----\nMIIEogIBAAKCAQEAvFAGIwlld1GYbfuL1ZH5vC7fNENtuf3XxswkKUtpmo8WCCtO\nEhdzSmFa1kuYLA80ry0JKAKm+VP8OznzMPyOSM0FdFOwzbMBrLmYh1SaCjOfgIRc\nXEmbmv42qdk9MaA4IycThuEfVw3qHAM4tZd7QgAGCPN0R1JMYtinQe3OWMXSmzwg\n/rCXovrzLsdcmxVCzpPIR4ZNZe+JfMJl8/hDjm/8FHdFxNnjtmFeX0I4gRw+Oh56\nyPNLXJZVw34Hg3mCFzxu7yADFHmZKv5mrNsiRWJGpEOqtPUFeoK2VESW+k0Jg8Br\n/l5ADBpStbFstUyFkKqaLMP4NyD6NNj1v2MivwIDAQABAoIBABH8wtlN6HdBQAIh\naPX5f5VOFNv1JOIDMT03+qxHG8s7p6sYF9j6jHSqX/bgOaTbvviMoLdFqZVfRFST\n8HrZZO3nR4IZDGZZlutcvwkON7iJvc6U1g2qqkZfyfDnY0T+PN5+uQrFLi0ukxIh\n7KTL12YygmEQgCbf4ZP/hdpyUKeB89vZ78q60qTBojDK/ElAMBRwO53UiIz+A++j\n9oa0OT7uOTD75odqe34O7D8S86FzjrJ2JigLHnhBBFZK7vJX4qKyjyjMqHufq3cO\nHc/MmWjBIxJ20DFLOc0nQUIWjloCdTeN0xyBSHWaNAhgDS+pFrzvXPPTAcbY5CZB\nf+K7iUECgYEAzyh+CynXxMVvAmAtC+Gp4tyQWWwCr2lm+SOI1W8pQoWYosKl8KAg\nIYgEy14Ap71nWjad04vHCeTprXLInoKzzA/7g4dEpnRKw/2mCASiUjyhM0N7WqpH\n6RTcurpCLkYAdZrZz8SFFjyzsT3hKh+WmYHJ/pdVnAL2SUYuSjV3a9kCgYEA6LYQ\nN1Z1Jfr6uei6K0FVZqBgBB69GWz4adcFS2EzHbIAuq5bvV7rCkwIulh5466jYbkK\nMoSau1vjGtkpqeQxofdWb5po99mXuUHkMZhBmLB7PCAXihuMbqlTmrVVpwEl12Kk\namcksnGPyRyybMy+VIB6dS0R33s21kNVMdO33FcCgYBIAy19t/f3wSJL0x8VqEak\nREQxsahlTeCr7rxcZZ4UL9jVi5CfyyogPeZcw7q6lM7ev2mx5j80o0zQLLyszYav\nA0dNe7JTos1ywDP9SY8bw1POPEEfTV5eGhB5INJsv4zdVQ0ueoRBLKzSik5BlGWH\ny2RqijUKXMU8x5bD2T5AUQKBgHnCGMX7dJwEr37qJ85OBtMFgndlZeeRvoASQvDn\n0IjvA7apV9LDgRMIKWDmvg/E5jNRT+aSvyrcrvzzNvtvLBDkitMl5VoY/Wuu8CiK\n03eCj1gsKmTWeSnFarr9ue0Bir0hHYmWofrDtEmzvB91GPi5qFj61ekqXMzKuh6x\n+fdNAoGAHDagdRJA/GKW4C9++aChqOEuHRd4+KcxWUBEqqS/kq2mIOnw6eGaeqx+\noaRNBL8iOCEQoxgvOHNv12nCfzuLDqX/F4XOPPq3eulm4ComqcHB3kqiNqhj5PKU\njuo1v9mWuxjfGLJ14HBDgxFHoqZQ95B4BGDA6HwkXJ+qbqMHfcI=\n-----END RSA PRIVATE KEY-----\n",
            "public_key_fingerprint_md5": "b1:3c:14:92:0e:94:8a:20:f8:dc:1c:12:4a:b3:be:8f",
            "public_key_openssh": "ssh-rsa AAAAB3NzaC1yc2EAAAADAQABAAABAQC8UAYjCWV3UZht+4vVkfm8Lt80Q225/dfGzCQpS2majxYIK04SF3NKYVrWS5gsDzSvLQkoAqb5U/w7OfMw/I5IzQV0U7DNswGsuZiHVJoKM5+AhFxcSZua/jap2T0xoDgjJxOG4R9XDeocAzi1l3tCAAYI83RHUkxi2KdB7c5YxdKbPCD+sJei+vMux1ybFULOk8hHhk1l74l8wmXz+EOOb/wUd0XE2eO2YV5fQjiBHD46HnrI80tcllXDfgeDeYIXPG7vIAMUeZkq/mas2yJFYkakQ6q09QV6grZURJb6TQmDwGv+XkAMGlK1sWy1TIWQqposw/g3IPo02PW/YyK/\n",
            "public_key_pem": "-----BEGIN PUBLIC KEY-----\nMIIBIjANBgkqhkiG9w0BAQEFAAOCAQ8AMIIBCgKCAQEAvFAGIwlld1GYbfuL1ZH5\nvC7fNENtuf3XxswkKUtpmo8WCCtOEhdzSmFa1kuYLA80ry0JKAKm+VP8OznzMPyO\nSM0FdFOwzbMBrLmYh1SaCjOfgIRcXEmbmv42qdk9MaA4IycThuEfVw3qHAM4tZd7\nQgAGCPN0R1JMYtinQe3OWMXSmzwg/rCXovrzLsdcmxVCzpPIR4ZNZe+JfMJl8/hD\njm/8FHdFxNnjtmFeX0I4gRw+Oh56yPNLXJZVw34Hg3mCFzxu7yADFHmZKv5mrNsi\nRWJGpEOqtPUFeoK2VESW+k0Jg8Br/l5ADBpStbFstUyFkKqaLMP4NyD6NNj1v2Mi\nvwIDAQAB\n-----END PUBLIC KEY-----\n",
            "rsa_bits": 2048
          },
          "sensitive_attributes": [],
          "private": "bnVsbA=="
        }
      ]
    },
    {
      "mode": "managed",
      "type": "tls_self_signed_cert",
      "name": "self",
      "provider": "provider[\"registry.terraform.io/hashicorp/tls\"]",
      "instances": [
        {
          "schema_version": 0,
          "attributes": {
            "allowed_uses": [
              "key_encipherment",
              "digital_signature",
              "server_auth"
            ],
            "cert_pem": "-----BEGIN CERTIFICATE-----\nMIIDWzCCAkOgAwIBAgIQIXhoCfeK958XhH9acZlhwDANBgkqhkiG9w0BAQsFADBO\nMRQwEgYDVQQKEwtleGFtcGxlLW9yZzEbMBkGA1UECxMSQ2xvdWQgQXJjaGl0ZWN0\ndXJlMRkwFwYDVQQDExBzZWxmLmV4YW1wbGUuY29tMB4XDTIxMDcxNjE4MjMzNVoX\nDTIxMTAxNDE4MjMzNVowTjEUMBIGA1UEChMLZXhhbXBsZS1vcmcxGzAZBgNVBAsT\nEkNsb3VkIEFyY2hpdGVjdHVyZTEZMBcGA1UEAxMQc2VsZi5leGFtcGxlLmNvbTCC\nASIwDQYJKoZIhvcNAQEBBQADggEPADCCAQoCggEBALxQBiMJZXdRmG37i9WR+bwu\n3zRDbbn918bMJClLaZqPFggrThIXc0phWtZLmCwPNK8tCSgCpvlT/Ds58zD8jkjN\nBXRTsM2zAay5mIdUmgozn4CEXFxJm5r+NqnZPTGgOCMnE4bhH1cN6hwDOLWXe0IA\nBgjzdEdSTGLYp0HtzljF0ps8IP6wl6L68y7HXJsVQs6TyEeGTWXviXzCZfP4Q45v\n/BR3RcTZ47ZhXl9COIEcPjoeesjzS1yWVcN+B4N5ghc8bu8gAxR5mSr+ZqzbIkVi\nRqRDqrT1BXqCtlRElvpNCYPAa/5eQAwaUrWxbLVMhZCqmizD+Dcg+jTY9b9jIr8C\nAwEAAaM1MDMwDgYDVR0PAQH/BAQDAgWgMBMGA1UdJQQMMAoGCCsGAQUFBwMBMAwG\nA1UdEwEB/wQCMAAwDQYJKoZIhvcNAQELBQADggEBACAbMg7sqi75nHzNKc+MWu5J\nRgKt1ZV248oO4s47S6kJawEmhPa9WCXz7N/fdxkCnhGFLOGajDz08nJ5DWdDLmNw\n2P4lO+ZYtPOzXl3Ditn2JgTuytRJqwpPmmWStfzQ8ib42LblqX0V5INWCmncbVvm\nIQqXeNU6fqas3S0tjxJvpSnG5DxkmXPbwTQeKo6xrOTbUfxdCThMmuAtcAV3eY4z\nwmJXAhP21hYKcJT1iKlfj235gdWSlvh39pATjP2rEivAtS0BAILnTwqz1qTUdAM8\nldXOw1+L8U1Wqx2Yl8OK6KaV1I8ToQLJt7xVWoZDTBeK7YSnZcUATkbt4chZ9rs=\n-----END CERTIFICATE-----\n",
            "dns_names": null,
            "early_renewal_hours": 0,
            "id": "44489709644189444071579668114331754944",
            "ip_addresses": null,
            "is_ca_certificate": null,
            "key_algorithm": "RSA",
            "private_key_pem": "b36e3985075e411af62746a88cb6873b26c94f09",
            "ready_for_renewal": false,
            "set_subject_key_id": null,
            "subject": [
              {
                "common_name": "self.example.com",
                "country": "",
                "locality": "",
                "organization": "example-org",
                "organizational_unit": "Cloud Architecture",
                "postal_code": "",
                "province": "",
                "serial_number": "",
                "street_address": []
              }
            ],
            "uris": null,
            "validity_end_time": "2021-10-14T14:23:35.7294418-04:00",
            "validity_period_hours": 2160,
            "validity_start_time": "2021-07-16T14:23:35.7294418-04:00"
          },
          "sensitive_attributes": [
            [
              {
                "type": "get_attr",
                "value": "private_key_pem"
              }
            ]
          ],
          "private": "bnVsbA==",
          "dependencies": [
            "tls_private_key.self"
          ]
        }
      ]
    }
  ]
}
